// !$*UTF8*$!
{
	archiveVersion = 1;
	classes = {
	};
	objectVersion = 52;
	objects = {

/* Begin PBXBuildFile section */
		D047040D25AEB1B600AA56CC /* RegisterViewModel.swift in Sources */ = {isa = PBXBuildFile; fileRef = D047040C25AEB1B600AA56CC /* RegisterViewModel.swift */; };
		D047041125AEB71A00AA56CC /* Swinject in Frameworks */ = {isa = PBXBuildFile; productRef = D047041025AEB71A00AA56CC /* Swinject */; };
		D047041625AEB76B00AA56CC /* HelperAssembly.swift in Sources */ = {isa = PBXBuildFile; fileRef = D047041525AEB76B00AA56CC /* HelperAssembly.swift */; };
		D047041A25AEB7F000AA56CC /* SwinjectAutoregistration in Frameworks */ = {isa = PBXBuildFile; productRef = D047041925AEB7F000AA56CC /* SwinjectAutoregistration */; };
		D047042225AEBB4100AA56CC /* ViewControllerProvider+Login.swift in Sources */ = {isa = PBXBuildFile; fileRef = D047042125AEBB4100AA56CC /* ViewControllerProvider+Login.swift */; };
		D047042725AEBBFE00AA56CC /* ViewProvider.swift in Sources */ = {isa = PBXBuildFile; fileRef = D047042625AEBBFE00AA56CC /* ViewProvider.swift */; };
		D047042A25AEBC2700AA56CC /* LoginAssembly.swift in Sources */ = {isa = PBXBuildFile; fileRef = D047042925AEBC2700AA56CC /* LoginAssembly.swift */; };
		D047042D25AEC31C00AA56CC /* FirebaseViewModel.swift in Sources */ = {isa = PBXBuildFile; fileRef = D047042C25AEC31C00AA56CC /* FirebaseViewModel.swift */; };
		D047043725AEC64700AA56CC /* ViewControllerProvider+SplashScreen.swift in Sources */ = {isa = PBXBuildFile; fileRef = D047043625AEC64700AA56CC /* ViewControllerProvider+SplashScreen.swift */; };
		D047043A25AEC66800AA56CC /* SplashScreenAssembly.swift in Sources */ = {isa = PBXBuildFile; fileRef = D047043925AEC66800AA56CC /* SplashScreenAssembly.swift */; };
		D047043F25AEC6ED00AA56CC /* SplashScreenView.swift in Sources */ = {isa = PBXBuildFile; fileRef = D047043E25AEC6ED00AA56CC /* SplashScreenView.swift */; };
		D047044225AEC84A00AA56CC /* SplashScreenViewModel.swift in Sources */ = {isa = PBXBuildFile; fileRef = D047044125AEC84A00AA56CC /* SplashScreenViewModel.swift */; };
		D04D646425A4DCD20028CA66 /* ViewModel.swift in Sources */ = {isa = PBXBuildFile; fileRef = D04D646325A4DCD20028CA66 /* ViewModel.swift */; };
		D05F014325BB58F800AF1555 /* BaseView.swift in Sources */ = {isa = PBXBuildFile; fileRef = D05F014225BB58F800AF1555 /* BaseView.swift */; };
		D06842C625B10B580089CB8A /* ActiveWebService.swift in Sources */ = {isa = PBXBuildFile; fileRef = D06842C525B10B580089CB8A /* ActiveWebService.swift */; };
		D06842CB25B11A5B0089CB8A /* URL.swift in Sources */ = {isa = PBXBuildFile; fileRef = D06842CA25B11A5B0089CB8A /* URL.swift */; };
		D06842D025B11ED10089CB8A /* UserActivationView.swift in Sources */ = {isa = PBXBuildFile; fileRef = D06842CF25B11ED10089CB8A /* UserActivationView.swift */; };
		D06842D425B11EF70089CB8A /* UserActivationViewModel.swift in Sources */ = {isa = PBXBuildFile; fileRef = D06842D325B11EF70089CB8A /* UserActivationViewModel.swift */; };
		D06842D725B120100089CB8A /* UserActivationAssembly.swift in Sources */ = {isa = PBXBuildFile; fileRef = D06842D625B120100089CB8A /* UserActivationAssembly.swift */; };
		D06842DA25B121410089CB8A /* ViewControllerProvider+UserActivation.swift in Sources */ = {isa = PBXBuildFile; fileRef = D06842D925B121410089CB8A /* ViewControllerProvider+UserActivation.swift */; };
		D081055F259875BE0052625D /* FirebaseService.swift in Sources */ = {isa = PBXBuildFile; fileRef = D081055E259875BE0052625D /* FirebaseService.swift */; };
		D081056425987A770052625D /* GoogleService-Info.plist in Resources */ = {isa = PBXBuildFile; fileRef = D081056325987A770052625D /* GoogleService-Info.plist */; };
		D08105672598936E0052625D /* Weakable.swift in Sources */ = {isa = PBXBuildFile; fileRef = D08105662598936E0052625D /* Weakable.swift */; };
		D0A0C09F25B0B026000EFE9E /* ViewControllerProvider+MailVerificaationRequired.swift in Sources */ = {isa = PBXBuildFile; fileRef = D0A0C09E25B0B026000EFE9E /* ViewControllerProvider+MailVerificaationRequired.swift */; };
		D0A0C0A225B0B082000EFE9E /* MailVerificationRequiredView.swift in Sources */ = {isa = PBXBuildFile; fileRef = D0A0C0A125B0B082000EFE9E /* MailVerificationRequiredView.swift */; };
		D0A0C0A525B0B0C9000EFE9E /* MailVerificationRequiredAssembly.swift in Sources */ = {isa = PBXBuildFile; fileRef = D0A0C0A425B0B0C9000EFE9E /* MailVerificationRequiredAssembly.swift */; };
		D0A0C0A825B0B201000EFE9E /* MailVerificationRequiredViewModel.swift in Sources */ = {isa = PBXBuildFile; fileRef = D0A0C0A725B0B200000EFE9E /* MailVerificationRequiredViewModel.swift */; };
		D0AA468D25973AB100B187CF /* Sync_MusicApp.swift in Sources */ = {isa = PBXBuildFile; fileRef = D0AA468C25973AB100B187CF /* Sync_MusicApp.swift */; };
		D0AA469125973AB600B187CF /* Assets.xcassets in Resources */ = {isa = PBXBuildFile; fileRef = D0AA469025973AB600B187CF /* Assets.xcassets */; };
		D0AA469425973AB600B187CF /* Preview Assets.xcassets in Resources */ = {isa = PBXBuildFile; fileRef = D0AA469325973AB600B187CF /* Preview Assets.xcassets */; };
		D0AA469E2597451100B187CF /* FirebaseAuth in Frameworks */ = {isa = PBXBuildFile; productRef = D0AA469D2597451100B187CF /* FirebaseAuth */; };
		D0AA46A82597464000B187CF /* LoginView.swift in Sources */ = {isa = PBXBuildFile; fileRef = D0AA46A72597464000B187CF /* LoginView.swift */; };
		D0AA46AB259746B000B187CF /* LoginViewModel.swift in Sources */ = {isa = PBXBuildFile; fileRef = D0AA46AA259746B000B187CF /* LoginViewModel.swift */; };
		D0AA46B42597476600B187CF /* WebService.swift in Sources */ = {isa = PBXBuildFile; fileRef = D0AA46B32597476600B187CF /* WebService.swift */; };
		D0AA46BA2597486200B187CF /* AnyEncodable.swift in Sources */ = {isa = PBXBuildFile; fileRef = D0AA46B92597486200B187CF /* AnyEncodable.swift */; };
		D0AA46BF259749B500B187CF /* AnyPublisher+Extensions.swift in Sources */ = {isa = PBXBuildFile; fileRef = D0AA46BE259749B500B187CF /* AnyPublisher+Extensions.swift */; };
		D0AA46C225974A9B00B187CF /* RegisterWebService.swift in Sources */ = {isa = PBXBuildFile; fileRef = D0AA46C125974A9B00B187CF /* RegisterWebService.swift */; };
		D0EBC32925B021A100CB504A /* RegisterView.swift in Sources */ = {isa = PBXBuildFile; fileRef = D0EBC32825B021A100CB504A /* RegisterView.swift */; };
		D0EBC32C25B021CD00CB504A /* ViewControllerProvider+Register.swift in Sources */ = {isa = PBXBuildFile; fileRef = D0EBC32B25B021CD00CB504A /* ViewControllerProvider+Register.swift */; };
		D0EBC32F25B0221300CB504A /* RegisterAssembly.swift in Sources */ = {isa = PBXBuildFile; fileRef = D0EBC32E25B0221300CB504A /* RegisterAssembly.swift */; };
		D0EBC33425B022ED00CB504A /* ViewControllerProvider+Home.swift in Sources */ = {isa = PBXBuildFile; fileRef = D0EBC33325B022ED00CB504A /* ViewControllerProvider+Home.swift */; };
		D0EBC33825B022FA00CB504A /* HomeAssembly.swift in Sources */ = {isa = PBXBuildFile; fileRef = D0EBC33725B022F900CB504A /* HomeAssembly.swift */; };
		D0EBC33B25B0232E00CB504A /* HomeView.swift in Sources */ = {isa = PBXBuildFile; fileRef = D0EBC33A25B0232E00CB504A /* HomeView.swift */; };
		D0EBC33E25B023B500CB504A /* HomeViewModel.swift in Sources */ = {isa = PBXBuildFile; fileRef = D0EBC33D25B023B500CB504A /* HomeViewModel.swift */; };
/* End PBXBuildFile section */

/* Begin PBXFileReference section */
		D047040C25AEB1B600AA56CC /* RegisterViewModel.swift */ = {isa = PBXFileReference; lastKnownFileType = sourcecode.swift; path = RegisterViewModel.swift; sourceTree = "<group>"; };
		D047041525AEB76B00AA56CC /* HelperAssembly.swift */ = {isa = PBXFileReference; lastKnownFileType = sourcecode.swift; path = HelperAssembly.swift; sourceTree = "<group>"; };
		D047042125AEBB4100AA56CC /* ViewControllerProvider+Login.swift */ = {isa = PBXFileReference; lastKnownFileType = sourcecode.swift; path = "ViewControllerProvider+Login.swift"; sourceTree = "<group>"; };
		D047042625AEBBFE00AA56CC /* ViewProvider.swift */ = {isa = PBXFileReference; lastKnownFileType = sourcecode.swift; path = ViewProvider.swift; sourceTree = "<group>"; };
		D047042925AEBC2700AA56CC /* LoginAssembly.swift */ = {isa = PBXFileReference; lastKnownFileType = sourcecode.swift; path = LoginAssembly.swift; sourceTree = "<group>"; };
		D047042C25AEC31C00AA56CC /* FirebaseViewModel.swift */ = {isa = PBXFileReference; lastKnownFileType = sourcecode.swift; path = FirebaseViewModel.swift; sourceTree = "<group>"; };
		D047043625AEC64700AA56CC /* ViewControllerProvider+SplashScreen.swift */ = {isa = PBXFileReference; lastKnownFileType = sourcecode.swift; path = "ViewControllerProvider+SplashScreen.swift"; sourceTree = "<group>"; };
		D047043925AEC66800AA56CC /* SplashScreenAssembly.swift */ = {isa = PBXFileReference; lastKnownFileType = sourcecode.swift; path = SplashScreenAssembly.swift; sourceTree = "<group>"; };
		D047043E25AEC6ED00AA56CC /* SplashScreenView.swift */ = {isa = PBXFileReference; lastKnownFileType = sourcecode.swift; path = SplashScreenView.swift; sourceTree = "<group>"; };
		D047044125AEC84A00AA56CC /* SplashScreenViewModel.swift */ = {isa = PBXFileReference; lastKnownFileType = sourcecode.swift; path = SplashScreenViewModel.swift; sourceTree = "<group>"; };
		D04D646325A4DCD20028CA66 /* ViewModel.swift */ = {isa = PBXFileReference; lastKnownFileType = sourcecode.swift; path = ViewModel.swift; sourceTree = "<group>"; };
		D05F014225BB58F800AF1555 /* BaseView.swift */ = {isa = PBXFileReference; lastKnownFileType = sourcecode.swift; path = BaseView.swift; sourceTree = "<group>"; };
		D06842C525B10B580089CB8A /* ActiveWebService.swift */ = {isa = PBXFileReference; lastKnownFileType = sourcecode.swift; path = ActiveWebService.swift; sourceTree = "<group>"; };
		D06842C825B10FEF0089CB8A /* Sync Music.entitlements */ = {isa = PBXFileReference; lastKnownFileType = text.plist.entitlements; path = "Sync Music.entitlements"; sourceTree = "<group>"; };
		D06842CA25B11A5B0089CB8A /* URL.swift */ = {isa = PBXFileReference; lastKnownFileType = sourcecode.swift; path = URL.swift; sourceTree = "<group>"; };
		D06842CF25B11ED10089CB8A /* UserActivationView.swift */ = {isa = PBXFileReference; lastKnownFileType = sourcecode.swift; path = UserActivationView.swift; sourceTree = "<group>"; };
		D06842D325B11EF70089CB8A /* UserActivationViewModel.swift */ = {isa = PBXFileReference; lastKnownFileType = sourcecode.swift; path = UserActivationViewModel.swift; sourceTree = "<group>"; };
		D06842D625B120100089CB8A /* UserActivationAssembly.swift */ = {isa = PBXFileReference; lastKnownFileType = sourcecode.swift; path = UserActivationAssembly.swift; sourceTree = "<group>"; };
		D06842D925B121410089CB8A /* ViewControllerProvider+UserActivation.swift */ = {isa = PBXFileReference; lastKnownFileType = sourcecode.swift; path = "ViewControllerProvider+UserActivation.swift"; sourceTree = "<group>"; };
		D081055E259875BE0052625D /* FirebaseService.swift */ = {isa = PBXFileReference; lastKnownFileType = sourcecode.swift; path = FirebaseService.swift; sourceTree = "<group>"; };
		D081056325987A770052625D /* GoogleService-Info.plist */ = {isa = PBXFileReference; fileEncoding = 4; lastKnownFileType = text.plist.xml; path = "GoogleService-Info.plist"; sourceTree = "<group>"; };
		D08105662598936E0052625D /* Weakable.swift */ = {isa = PBXFileReference; lastKnownFileType = sourcecode.swift; path = Weakable.swift; sourceTree = "<group>"; };
		D0A0C09E25B0B026000EFE9E /* ViewControllerProvider+MailVerificaationRequired.swift */ = {isa = PBXFileReference; lastKnownFileType = sourcecode.swift; path = "ViewControllerProvider+MailVerificaationRequired.swift"; sourceTree = "<group>"; };
		D0A0C0A125B0B082000EFE9E /* MailVerificationRequiredView.swift */ = {isa = PBXFileReference; lastKnownFileType = sourcecode.swift; path = MailVerificationRequiredView.swift; sourceTree = "<group>"; };
		D0A0C0A425B0B0C9000EFE9E /* MailVerificationRequiredAssembly.swift */ = {isa = PBXFileReference; lastKnownFileType = sourcecode.swift; path = MailVerificationRequiredAssembly.swift; sourceTree = "<group>"; };
		D0A0C0A725B0B200000EFE9E /* MailVerificationRequiredViewModel.swift */ = {isa = PBXFileReference; lastKnownFileType = sourcecode.swift; path = MailVerificationRequiredViewModel.swift; sourceTree = "<group>"; };
		D0AA468925973AB100B187CF /* Sync Music.app */ = {isa = PBXFileReference; explicitFileType = wrapper.application; includeInIndex = 0; path = "Sync Music.app"; sourceTree = BUILT_PRODUCTS_DIR; };
		D0AA468C25973AB100B187CF /* Sync_MusicApp.swift */ = {isa = PBXFileReference; lastKnownFileType = sourcecode.swift; path = Sync_MusicApp.swift; sourceTree = "<group>"; };
		D0AA469025973AB600B187CF /* Assets.xcassets */ = {isa = PBXFileReference; lastKnownFileType = folder.assetcatalog; path = Assets.xcassets; sourceTree = "<group>"; };
		D0AA469325973AB600B187CF /* Preview Assets.xcassets */ = {isa = PBXFileReference; lastKnownFileType = folder.assetcatalog; path = "Preview Assets.xcassets"; sourceTree = "<group>"; };
		D0AA469525973AB600B187CF /* Info.plist */ = {isa = PBXFileReference; lastKnownFileType = text.plist.xml; path = Info.plist; sourceTree = "<group>"; };
		D0AA46A72597464000B187CF /* LoginView.swift */ = {isa = PBXFileReference; lastKnownFileType = sourcecode.swift; path = LoginView.swift; sourceTree = "<group>"; };
		D0AA46AA259746B000B187CF /* LoginViewModel.swift */ = {isa = PBXFileReference; lastKnownFileType = sourcecode.swift; path = LoginViewModel.swift; sourceTree = "<group>"; };
		D0AA46B32597476600B187CF /* WebService.swift */ = {isa = PBXFileReference; lastKnownFileType = sourcecode.swift; path = WebService.swift; sourceTree = "<group>"; };
		D0AA46B92597486200B187CF /* AnyEncodable.swift */ = {isa = PBXFileReference; lastKnownFileType = sourcecode.swift; path = AnyEncodable.swift; sourceTree = "<group>"; };
		D0AA46BE259749B500B187CF /* AnyPublisher+Extensions.swift */ = {isa = PBXFileReference; lastKnownFileType = sourcecode.swift; path = "AnyPublisher+Extensions.swift"; sourceTree = "<group>"; };
		D0AA46C125974A9B00B187CF /* RegisterWebService.swift */ = {isa = PBXFileReference; lastKnownFileType = sourcecode.swift; path = RegisterWebService.swift; sourceTree = "<group>"; };
		D0EBC32825B021A100CB504A /* RegisterView.swift */ = {isa = PBXFileReference; lastKnownFileType = sourcecode.swift; path = RegisterView.swift; sourceTree = "<group>"; };
		D0EBC32B25B021CD00CB504A /* ViewControllerProvider+Register.swift */ = {isa = PBXFileReference; lastKnownFileType = sourcecode.swift; path = "ViewControllerProvider+Register.swift"; sourceTree = "<group>"; };
		D0EBC32E25B0221300CB504A /* RegisterAssembly.swift */ = {isa = PBXFileReference; lastKnownFileType = sourcecode.swift; path = RegisterAssembly.swift; sourceTree = "<group>"; };
		D0EBC33325B022ED00CB504A /* ViewControllerProvider+Home.swift */ = {isa = PBXFileReference; lastKnownFileType = sourcecode.swift; path = "ViewControllerProvider+Home.swift"; sourceTree = "<group>"; };
		D0EBC33725B022F900CB504A /* HomeAssembly.swift */ = {isa = PBXFileReference; lastKnownFileType = sourcecode.swift; path = HomeAssembly.swift; sourceTree = "<group>"; };
		D0EBC33A25B0232E00CB504A /* HomeView.swift */ = {isa = PBXFileReference; lastKnownFileType = sourcecode.swift; path = HomeView.swift; sourceTree = "<group>"; };
		D0EBC33D25B023B500CB504A /* HomeViewModel.swift */ = {isa = PBXFileReference; lastKnownFileType = sourcecode.swift; path = HomeViewModel.swift; sourceTree = "<group>"; };
/* End PBXFileReference section */

/* Begin PBXFrameworksBuildPhase section */
		D0AA468625973AB100B187CF /* Frameworks */ = {
			isa = PBXFrameworksBuildPhase;
			buildActionMask = 2147483647;
			files = (
				D0AA469E2597451100B187CF /* FirebaseAuth in Frameworks */,
				D047041125AEB71A00AA56CC /* Swinject in Frameworks */,
				D047041A25AEB7F000AA56CC /* SwinjectAutoregistration in Frameworks */,
			);
			runOnlyForDeploymentPostprocessing = 0;
		};
/* End PBXFrameworksBuildPhase section */

/* Begin PBXGroup section */
		D047040A25AEB1A100AA56CC /* Register */ = {
			isa = PBXGroup;
			children = (
				D047041F25AEBA7700AA56CC /* #Navigation */,
				D047040C25AEB1B600AA56CC /* RegisterViewModel.swift */,
				D0EBC32825B021A100CB504A /* RegisterView.swift */,
			);
			path = Register;
			sourceTree = "<group>";
		};
		D047041325AEB72900AA56CC /* DI */ = {
			isa = PBXGroup;
			children = (
				D047041525AEB76B00AA56CC /* HelperAssembly.swift */,
				D047042625AEBBFE00AA56CC /* ViewProvider.swift */,
			);
			path = DI;
			sourceTree = "<group>";
		};
		D047041F25AEBA7700AA56CC /* #Navigation */ = {
			isa = PBXGroup;
			children = (
				D0EBC32B25B021CD00CB504A /* ViewControllerProvider+Register.swift */,
				D0EBC32E25B0221300CB504A /* RegisterAssembly.swift */,
			);
			path = "#Navigation";
			sourceTree = "<group>";
		};
		D047042025AEBA8200AA56CC /* #Navigation */ = {
			isa = PBXGroup;
			children = (
				D047042125AEBB4100AA56CC /* ViewControllerProvider+Login.swift */,
				D047042925AEBC2700AA56CC /* LoginAssembly.swift */,
			);
			path = "#Navigation";
			sourceTree = "<group>";
		};
		D047043025AEC60100AA56CC /* SplashScreen */ = {
			isa = PBXGroup;
			children = (
				D047043525AEC63100AA56CC /* #Navigation */,
				D047043E25AEC6ED00AA56CC /* SplashScreenView.swift */,
				D047044125AEC84A00AA56CC /* SplashScreenViewModel.swift */,
			);
			path = SplashScreen;
			sourceTree = "<group>";
		};
		D047043525AEC63100AA56CC /* #Navigation */ = {
			isa = PBXGroup;
			children = (
				D047043625AEC64700AA56CC /* ViewControllerProvider+SplashScreen.swift */,
				D047043925AEC66800AA56CC /* SplashScreenAssembly.swift */,
			);
			path = "#Navigation";
			sourceTree = "<group>";
		};
		D04D645E25A4DC110028CA66 /* Extendable */ = {
			isa = PBXGroup;
			children = (
				D04D646325A4DCD20028CA66 /* ViewModel.swift */,
				D047042C25AEC31C00AA56CC /* FirebaseViewModel.swift */,
				D05F014225BB58F800AF1555 /* BaseView.swift */,
			);
			path = Extendable;
			sourceTree = "<group>";
		};
		D06842CD25B11EB90089CB8A /* UserActivation */ = {
			isa = PBXGroup;
			children = (
				D06842CE25B11EC10089CB8A /* #Navigation */,
				D06842CF25B11ED10089CB8A /* UserActivationView.swift */,
				D06842D325B11EF70089CB8A /* UserActivationViewModel.swift */,
			);
			path = UserActivation;
			sourceTree = "<group>";
		};
		D06842CE25B11EC10089CB8A /* #Navigation */ = {
			isa = PBXGroup;
			children = (
				D06842D625B120100089CB8A /* UserActivationAssembly.swift */,
				D06842D925B121410089CB8A /* ViewControllerProvider+UserActivation.swift */,
			);
			path = "#Navigation";
			sourceTree = "<group>";
		};
		D0A0C09B25B0AF91000EFE9E /* Components */ = {
			isa = PBXGroup;
			children = (
			);
			path = Components;
			sourceTree = "<group>";
		};
		D0A0C09C25B0AFE1000EFE9E /* MailVerificationRequired */ = {
			isa = PBXGroup;
			children = (
				D0A0C09D25B0B00A000EFE9E /* #Navigation */,
				D0A0C0A125B0B082000EFE9E /* MailVerificationRequiredView.swift */,
				D0A0C0A725B0B200000EFE9E /* MailVerificationRequiredViewModel.swift */,
			);
			path = MailVerificationRequired;
			sourceTree = "<group>";
		};
		D0A0C09D25B0B00A000EFE9E /* #Navigation */ = {
			isa = PBXGroup;
			children = (
				D0A0C09E25B0B026000EFE9E /* ViewControllerProvider+MailVerificaationRequired.swift */,
				D0A0C0A425B0B0C9000EFE9E /* MailVerificationRequiredAssembly.swift */,
			);
			path = "#Navigation";
			sourceTree = "<group>";
		};
		D0AA468025973AB100B187CF = {
			isa = PBXGroup;
			children = (
				D0AA468B25973AB100B187CF /* Sync Music */,
				D0AA468A25973AB100B187CF /* Products */,
			);
			sourceTree = "<group>";
		};
		D0AA468A25973AB100B187CF /* Products */ = {
			isa = PBXGroup;
			children = (
				D0AA468925973AB100B187CF /* Sync Music.app */,
			);
			name = Products;
			sourceTree = "<group>";
		};
		D0AA468B25973AB100B187CF /* Sync Music */ = {
			isa = PBXGroup;
			children = (
				D06842C825B10FEF0089CB8A /* Sync Music.entitlements */,
				D0AA46AF2597474F00B187CF /* Additions */,
				D0AA46A0259745AE00B187CF /* Application */,
				D0AA46A42597460A00B187CF /* Epics */,
				D0AA46AE2597473D00B187CF /* Services */,
			);
			path = "Sync Music";
			sourceTree = "<group>";
		};
		D0AA469225973AB600B187CF /* Preview Content */ = {
			isa = PBXGroup;
			children = (
				D0AA469325973AB600B187CF /* Preview Assets.xcassets */,
			);
			path = "Preview Content";
			sourceTree = "<group>";
		};
		D0AA46A0259745AE00B187CF /* Application */ = {
			isa = PBXGroup;
			children = (
				D047041325AEB72900AA56CC /* DI */,
				D0AA46A2259745C700B187CF /* Supporting Files */,
				D0AA468C25973AB100B187CF /* Sync_MusicApp.swift */,
				D081056325987A770052625D /* GoogleService-Info.plist */,
			);
			path = Application;
			sourceTree = "<group>";
		};
		D0AA46A2259745C700B187CF /* Supporting Files */ = {
			isa = PBXGroup;
			children = (
				D0AA469225973AB600B187CF /* Preview Content */,
				D0AA469525973AB600B187CF /* Info.plist */,
				D0AA469025973AB600B187CF /* Assets.xcassets */,
			);
			path = "Supporting Files";
			sourceTree = "<group>";
		};
		D0AA46A42597460A00B187CF /* Epics */ = {
			isa = PBXGroup;
			children = (
				D06842CD25B11EB90089CB8A /* UserActivation */,
				D0A0C09C25B0AFE1000EFE9E /* MailVerificationRequired */,
				D0EBC33125B022D200CB504A /* Home */,
				D047043025AEC60100AA56CC /* SplashScreen */,
				D047040A25AEB1A100AA56CC /* Register */,
				D0AA46A62597462D00B187CF /* Login */,
			);
			path = Epics;
			sourceTree = "<group>";
		};
		D0AA46A62597462D00B187CF /* Login */ = {
			isa = PBXGroup;
			children = (
				D047042025AEBA8200AA56CC /* #Navigation */,
				D0AA46A72597464000B187CF /* LoginView.swift */,
				D0AA46AA259746B000B187CF /* LoginViewModel.swift */,
			);
			path = Login;
			sourceTree = "<group>";
		};
		D0AA46AE2597473D00B187CF /* Services */ = {
			isa = PBXGroup;
			children = (
				D0AA46BC2597495300B187CF /* Requests */,
				D081055E259875BE0052625D /* FirebaseService.swift */,
			);
			path = Services;
			sourceTree = "<group>";
		};
		D0AA46AF2597474F00B187CF /* Additions */ = {
			isa = PBXGroup;
			children = (
				D04D645E25A4DC110028CA66 /* Extendable */,
				D0AA46BD259749A300B187CF /* Extensions */,
				D0A0C09B25B0AF91000EFE9E /* Components */,
				D0AA46B82597485400B187CF /* Objects */,
				D0AA46B12597475700B187CF /* Protocols */,
			);
			path = Additions;
			sourceTree = "<group>";
		};
		D0AA46B12597475700B187CF /* Protocols */ = {
			isa = PBXGroup;
			children = (
				D0AA46B32597476600B187CF /* WebService.swift */,
				D08105662598936E0052625D /* Weakable.swift */,
			);
			path = Protocols;
			sourceTree = "<group>";
		};
		D0AA46B82597485400B187CF /* Objects */ = {
			isa = PBXGroup;
			children = (
				D0AA46B92597486200B187CF /* AnyEncodable.swift */,
			);
			path = Objects;
			sourceTree = "<group>";
		};
		D0AA46BC2597495300B187CF /* Requests */ = {
			isa = PBXGroup;
			children = (
				D0AA46C125974A9B00B187CF /* RegisterWebService.swift */,
				D06842C525B10B580089CB8A /* ActiveWebService.swift */,
			);
			path = Requests;
			sourceTree = "<group>";
		};
		D0AA46BD259749A300B187CF /* Extensions */ = {
			isa = PBXGroup;
			children = (
				D0AA46BE259749B500B187CF /* AnyPublisher+Extensions.swift */,
				D06842CA25B11A5B0089CB8A /* URL.swift */,
			);
			path = Extensions;
			sourceTree = "<group>";
		};
		D0EBC33125B022D200CB504A /* Home */ = {
			isa = PBXGroup;
			children = (
				D0EBC33225B022DB00CB504A /* #Navigation */,
				D0EBC33A25B0232E00CB504A /* HomeView.swift */,
				D0EBC33D25B023B500CB504A /* HomeViewModel.swift */,
			);
			path = Home;
			sourceTree = "<group>";
		};
		D0EBC33225B022DB00CB504A /* #Navigation */ = {
			isa = PBXGroup;
			children = (
				D0EBC33325B022ED00CB504A /* ViewControllerProvider+Home.swift */,
				D0EBC33725B022F900CB504A /* HomeAssembly.swift */,
			);
			path = "#Navigation";
			sourceTree = "<group>";
		};
/* End PBXGroup section */

/* Begin PBXNativeTarget section */
		D0AA468825973AB100B187CF /* Sync Music */ = {
			isa = PBXNativeTarget;
			buildConfigurationList = D0AA469825973AB600B187CF /* Build configuration list for PBXNativeTarget "Sync Music" */;
			buildPhases = (
				D0AA468525973AB100B187CF /* Sources */,
				D0AA468625973AB100B187CF /* Frameworks */,
				D0AA468725973AB100B187CF /* Resources */,
			);
			buildRules = (
			);
			dependencies = (
			);
			name = "Sync Music";
			packageProductDependencies = (
				D0AA469D2597451100B187CF /* FirebaseAuth */,
				D047041025AEB71A00AA56CC /* Swinject */,
				D047041925AEB7F000AA56CC /* SwinjectAutoregistration */,
			);
			productName = "Sync Music";
			productReference = D0AA468925973AB100B187CF /* Sync Music.app */;
			productType = "com.apple.product-type.application";
		};
/* End PBXNativeTarget section */

/* Begin PBXProject section */
		D0AA468125973AB100B187CF /* Project object */ = {
			isa = PBXProject;
			attributes = {
				LastSwiftUpdateCheck = 1230;
				LastUpgradeCheck = 1230;
				TargetAttributes = {
					D0AA468825973AB100B187CF = {
						CreatedOnToolsVersion = 12.3;
					};
				};
			};
			buildConfigurationList = D0AA468425973AB100B187CF /* Build configuration list for PBXProject "Sync Music" */;
			compatibilityVersion = "Xcode 9.3";
			developmentRegion = en;
			hasScannedForEncodings = 0;
			knownRegions = (
				en,
				Base,
			);
			mainGroup = D0AA468025973AB100B187CF;
			packageReferences = (
				D0AA469C2597451100B187CF /* XCRemoteSwiftPackageReference "firebase-ios-sdk" */,
				D047040F25AEB71A00AA56CC /* XCRemoteSwiftPackageReference "Swinject" */,
				D047041825AEB7F000AA56CC /* XCRemoteSwiftPackageReference "SwinjectAutoregistration" */,
			);
			productRefGroup = D0AA468A25973AB100B187CF /* Products */;
			projectDirPath = "";
			projectRoot = "";
			targets = (
				D0AA468825973AB100B187CF /* Sync Music */,
			);
		};
/* End PBXProject section */

/* Begin PBXResourcesBuildPhase section */
		D0AA468725973AB100B187CF /* Resources */ = {
			isa = PBXResourcesBuildPhase;
			buildActionMask = 2147483647;
			files = (
				D0AA469425973AB600B187CF /* Preview Assets.xcassets in Resources */,
				D0AA469125973AB600B187CF /* Assets.xcassets in Resources */,
				D081056425987A770052625D /* GoogleService-Info.plist in Resources */,
			);
			runOnlyForDeploymentPostprocessing = 0;
		};
/* End PBXResourcesBuildPhase section */

/* Begin PBXSourcesBuildPhase section */
		D0AA468525973AB100B187CF /* Sources */ = {
			isa = PBXSourcesBuildPhase;
			buildActionMask = 2147483647;
			files = (
				D06842D725B120100089CB8A /* UserActivationAssembly.swift in Sources */,
				D0AA46AB259746B000B187CF /* LoginViewModel.swift in Sources */,
				D06842DA25B121410089CB8A /* ViewControllerProvider+UserActivation.swift in Sources */,
				D047043725AEC64700AA56CC /* ViewControllerProvider+SplashScreen.swift in Sources */,
				D047042225AEBB4100AA56CC /* ViewControllerProvider+Login.swift in Sources */,
				D0EBC32925B021A100CB504A /* RegisterView.swift in Sources */,
				D0EBC32C25B021CD00CB504A /* ViewControllerProvider+Register.swift in Sources */,
				D0A0C0A225B0B082000EFE9E /* MailVerificationRequiredView.swift in Sources */,
				D0AA46A82597464000B187CF /* LoginView.swift in Sources */,
				D047042D25AEC31C00AA56CC /* FirebaseViewModel.swift in Sources */,
				D0AA46B42597476600B187CF /* WebService.swift in Sources */,
				D06842D025B11ED10089CB8A /* UserActivationView.swift in Sources */,
				D04D646425A4DCD20028CA66 /* ViewModel.swift in Sources */,
				D0EBC32F25B0221300CB504A /* RegisterAssembly.swift in Sources */,
				D0EBC33E25B023B500CB504A /* HomeViewModel.swift in Sources */,
				D047043F25AEC6ED00AA56CC /* SplashScreenView.swift in Sources */,
				D047043A25AEC66800AA56CC /* SplashScreenAssembly.swift in Sources */,
				D06842CB25B11A5B0089CB8A /* URL.swift in Sources */,
				D0EBC33825B022FA00CB504A /* HomeAssembly.swift in Sources */,
				D08105672598936E0052625D /* Weakable.swift in Sources */,
				D0A0C0A525B0B0C9000EFE9E /* MailVerificationRequiredAssembly.swift in Sources */,
				D047044225AEC84A00AA56CC /* SplashScreenViewModel.swift in Sources */,
				D0EBC33B25B0232E00CB504A /* HomeView.swift in Sources */,
				D047042A25AEBC2700AA56CC /* LoginAssembly.swift in Sources */,
				D081055F259875BE0052625D /* FirebaseService.swift in Sources */,
				D06842D425B11EF70089CB8A /* UserActivationViewModel.swift in Sources */,
				D047040D25AEB1B600AA56CC /* RegisterViewModel.swift in Sources */,
				D047042725AEBBFE00AA56CC /* ViewProvider.swift in Sources */,
				D0AA46BA2597486200B187CF /* AnyEncodable.swift in Sources */,
				D0AA46BF259749B500B187CF /* AnyPublisher+Extensions.swift in Sources */,
				D0AA46C225974A9B00B187CF /* RegisterWebService.swift in Sources */,
				D0AA468D25973AB100B187CF /* Sync_MusicApp.swift in Sources */,
				D0EBC33425B022ED00CB504A /* ViewControllerProvider+Home.swift in Sources */,
				D06842C625B10B580089CB8A /* ActiveWebService.swift in Sources */,
				D0A0C09F25B0B026000EFE9E /* ViewControllerProvider+MailVerificaationRequired.swift in Sources */,
				D05F014325BB58F800AF1555 /* BaseView.swift in Sources */,
				D0A0C0A825B0B201000EFE9E /* MailVerificationRequiredViewModel.swift in Sources */,
				D047041625AEB76B00AA56CC /* HelperAssembly.swift in Sources */,
			);
			runOnlyForDeploymentPostprocessing = 0;
		};
/* End PBXSourcesBuildPhase section */

/* Begin XCBuildConfiguration section */
		D0AA469625973AB600B187CF /* Debug */ = {
			isa = XCBuildConfiguration;
			buildSettings = {
				ALWAYS_SEARCH_USER_PATHS = NO;
				CLANG_ANALYZER_NONNULL = YES;
				CLANG_ANALYZER_NUMBER_OBJECT_CONVERSION = YES_AGGRESSIVE;
				CLANG_CXX_LANGUAGE_STANDARD = "gnu++14";
				CLANG_CXX_LIBRARY = "libc++";
				CLANG_ENABLE_MODULES = YES;
				CLANG_ENABLE_OBJC_ARC = YES;
				CLANG_ENABLE_OBJC_WEAK = YES;
				CLANG_WARN_BLOCK_CAPTURE_AUTORELEASING = YES;
				CLANG_WARN_BOOL_CONVERSION = YES;
				CLANG_WARN_COMMA = YES;
				CLANG_WARN_CONSTANT_CONVERSION = YES;
				CLANG_WARN_DEPRECATED_OBJC_IMPLEMENTATIONS = YES;
				CLANG_WARN_DIRECT_OBJC_ISA_USAGE = YES_ERROR;
				CLANG_WARN_DOCUMENTATION_COMMENTS = YES;
				CLANG_WARN_EMPTY_BODY = YES;
				CLANG_WARN_ENUM_CONVERSION = YES;
				CLANG_WARN_INFINITE_RECURSION = YES;
				CLANG_WARN_INT_CONVERSION = YES;
				CLANG_WARN_NON_LITERAL_NULL_CONVERSION = YES;
				CLANG_WARN_OBJC_IMPLICIT_RETAIN_SELF = YES;
				CLANG_WARN_OBJC_LITERAL_CONVERSION = YES;
				CLANG_WARN_OBJC_ROOT_CLASS = YES_ERROR;
				CLANG_WARN_QUOTED_INCLUDE_IN_FRAMEWORK_HEADER = YES;
				CLANG_WARN_RANGE_LOOP_ANALYSIS = YES;
				CLANG_WARN_STRICT_PROTOTYPES = YES;
				CLANG_WARN_SUSPICIOUS_MOVE = YES;
				CLANG_WARN_UNGUARDED_AVAILABILITY = YES_AGGRESSIVE;
				CLANG_WARN_UNREACHABLE_CODE = YES;
				CLANG_WARN__DUPLICATE_METHOD_MATCH = YES;
				COPY_PHASE_STRIP = NO;
				DEBUG_INFORMATION_FORMAT = dwarf;
				ENABLE_STRICT_OBJC_MSGSEND = YES;
				ENABLE_TESTABILITY = YES;
				GCC_C_LANGUAGE_STANDARD = gnu11;
				GCC_DYNAMIC_NO_PIC = NO;
				GCC_NO_COMMON_BLOCKS = YES;
				GCC_OPTIMIZATION_LEVEL = 0;
				GCC_PREPROCESSOR_DEFINITIONS = (
					"DEBUG=1",
					"$(inherited)",
				);
				GCC_WARN_64_TO_32_BIT_CONVERSION = YES;
				GCC_WARN_ABOUT_RETURN_TYPE = YES_ERROR;
				GCC_WARN_UNDECLARED_SELECTOR = YES;
				GCC_WARN_UNINITIALIZED_AUTOS = YES_AGGRESSIVE;
				GCC_WARN_UNUSED_FUNCTION = YES;
				GCC_WARN_UNUSED_VARIABLE = YES;
				IPHONEOS_DEPLOYMENT_TARGET = 14.3;
				MTL_ENABLE_DEBUG_INFO = INCLUDE_SOURCE;
				MTL_FAST_MATH = YES;
				ONLY_ACTIVE_ARCH = YES;
				SDKROOT = iphoneos;
				SWIFT_ACTIVE_COMPILATION_CONDITIONS = DEBUG;
				SWIFT_OPTIMIZATION_LEVEL = "-Onone";
			};
			name = Debug;
		};
		D0AA469725973AB600B187CF /* Release */ = {
			isa = XCBuildConfiguration;
			buildSettings = {
				ALWAYS_SEARCH_USER_PATHS = NO;
				CLANG_ANALYZER_NONNULL = YES;
				CLANG_ANALYZER_NUMBER_OBJECT_CONVERSION = YES_AGGRESSIVE;
				CLANG_CXX_LANGUAGE_STANDARD = "gnu++14";
				CLANG_CXX_LIBRARY = "libc++";
				CLANG_ENABLE_MODULES = YES;
				CLANG_ENABLE_OBJC_ARC = YES;
				CLANG_ENABLE_OBJC_WEAK = YES;
				CLANG_WARN_BLOCK_CAPTURE_AUTORELEASING = YES;
				CLANG_WARN_BOOL_CONVERSION = YES;
				CLANG_WARN_COMMA = YES;
				CLANG_WARN_CONSTANT_CONVERSION = YES;
				CLANG_WARN_DEPRECATED_OBJC_IMPLEMENTATIONS = YES;
				CLANG_WARN_DIRECT_OBJC_ISA_USAGE = YES_ERROR;
				CLANG_WARN_DOCUMENTATION_COMMENTS = YES;
				CLANG_WARN_EMPTY_BODY = YES;
				CLANG_WARN_ENUM_CONVERSION = YES;
				CLANG_WARN_INFINITE_RECURSION = YES;
				CLANG_WARN_INT_CONVERSION = YES;
				CLANG_WARN_NON_LITERAL_NULL_CONVERSION = YES;
				CLANG_WARN_OBJC_IMPLICIT_RETAIN_SELF = YES;
				CLANG_WARN_OBJC_LITERAL_CONVERSION = YES;
				CLANG_WARN_OBJC_ROOT_CLASS = YES_ERROR;
				CLANG_WARN_QUOTED_INCLUDE_IN_FRAMEWORK_HEADER = YES;
				CLANG_WARN_RANGE_LOOP_ANALYSIS = YES;
				CLANG_WARN_STRICT_PROTOTYPES = YES;
				CLANG_WARN_SUSPICIOUS_MOVE = YES;
				CLANG_WARN_UNGUARDED_AVAILABILITY = YES_AGGRESSIVE;
				CLANG_WARN_UNREACHABLE_CODE = YES;
				CLANG_WARN__DUPLICATE_METHOD_MATCH = YES;
				COPY_PHASE_STRIP = NO;
				DEBUG_INFORMATION_FORMAT = "dwarf-with-dsym";
				ENABLE_NS_ASSERTIONS = NO;
				ENABLE_STRICT_OBJC_MSGSEND = YES;
				GCC_C_LANGUAGE_STANDARD = gnu11;
				GCC_NO_COMMON_BLOCKS = YES;
				GCC_WARN_64_TO_32_BIT_CONVERSION = YES;
				GCC_WARN_ABOUT_RETURN_TYPE = YES_ERROR;
				GCC_WARN_UNDECLARED_SELECTOR = YES;
				GCC_WARN_UNINITIALIZED_AUTOS = YES_AGGRESSIVE;
				GCC_WARN_UNUSED_FUNCTION = YES;
				GCC_WARN_UNUSED_VARIABLE = YES;
				IPHONEOS_DEPLOYMENT_TARGET = 14.3;
				MTL_ENABLE_DEBUG_INFO = NO;
				MTL_FAST_MATH = YES;
				SDKROOT = iphoneos;
				SWIFT_COMPILATION_MODE = wholemodule;
				SWIFT_OPTIMIZATION_LEVEL = "-O";
				VALIDATE_PRODUCT = YES;
			};
			name = Release;
		};
		D0AA469925973AB600B187CF /* Debug */ = {
			isa = XCBuildConfiguration;
			buildSettings = {
				ASSETCATALOG_COMPILER_APPICON_NAME = AppIcon;
				ASSETCATALOG_COMPILER_GLOBAL_ACCENT_COLOR_NAME = AccentColor;
				CODE_SIGN_ENTITLEMENTS = "Sync Music/Sync Music.entitlements";
				CODE_SIGN_IDENTITY = "iPhone Developer";
				CODE_SIGN_STYLE = Manual;
				DEVELOPMENT_ASSET_PATHS = "\"Sync Music/Application/Supporting Files/Preview Content\"";
				DEVELOPMENT_TEAM = 94FLWD5X32;
				ENABLE_PREVIEWS = YES;
				INFOPLIST_FILE = "Sync Music/Application/Supporting Files/Info.plist";
				IPHONEOS_DEPLOYMENT_TARGET = 14.0;
				LD_RUNPATH_SEARCH_PATHS = (
					"$(inherited)",
					"@executable_path/Frameworks",
				);
				PRODUCT_BUNDLE_IDENTIFIER = com.maxencemottard.syncmusic;
				PRODUCT_NAME = "$(TARGET_NAME)";
				PROVISIONING_PROFILE_SPECIFIER = "match Development com.maxencemottard.syncmusic";
				SWIFT_VERSION = 5.0;
				TARGETED_DEVICE_FAMILY = "1,2";
			};
			name = Debug;
		};
		D0AA469A25973AB600B187CF /* Release */ = {
			isa = XCBuildConfiguration;
			buildSettings = {
				ASSETCATALOG_COMPILER_APPICON_NAME = AppIcon;
				ASSETCATALOG_COMPILER_GLOBAL_ACCENT_COLOR_NAME = AccentColor;
				CODE_SIGN_ENTITLEMENTS = "Sync Music/Sync Music.entitlements";
				CODE_SIGN_IDENTITY = "iPhone Developer";
				CODE_SIGN_STYLE = Manual;
				DEVELOPMENT_ASSET_PATHS = "\"Sync Music/Application/Supporting Files/Preview Content\"";
				DEVELOPMENT_TEAM = 94FLWD5X32;
				ENABLE_PREVIEWS = YES;
				INFOPLIST_FILE = "Sync Music/Application/Supporting Files/Info.plist";
				IPHONEOS_DEPLOYMENT_TARGET = 14.0;
				LD_RUNPATH_SEARCH_PATHS = (
					"$(inherited)",
					"@executable_path/Frameworks",
				);
				PRODUCT_BUNDLE_IDENTIFIER = com.maxencemottard.syncmusic;
				PRODUCT_NAME = "$(TARGET_NAME)";
				PROVISIONING_PROFILE_SPECIFIER = "match Development com.maxencemottard.syncmusic";
				SWIFT_VERSION = 5.0;
				TARGETED_DEVICE_FAMILY = "1,2";
			};
			name = Release;
		};
/* End XCBuildConfiguration section */

/* Begin XCConfigurationList section */
		D0AA468425973AB100B187CF /* Build configuration list for PBXProject "Sync Music" */ = {
			isa = XCConfigurationList;
			buildConfigurations = (
				D0AA469625973AB600B187CF /* Debug */,
				D0AA469725973AB600B187CF /* Release */,
			);
			defaultConfigurationIsVisible = 0;
			defaultConfigurationName = Release;
		};
		D0AA469825973AB600B187CF /* Build configuration list for PBXNativeTarget "Sync Music" */ = {
			isa = XCConfigurationList;
			buildConfigurations = (
				D0AA469925973AB600B187CF /* Debug */,
				D0AA469A25973AB600B187CF /* Release */,
			);
			defaultConfigurationIsVisible = 0;
			defaultConfigurationName = Release;
		};
/* End XCConfigurationList section */

/* Begin XCRemoteSwiftPackageReference section */
		D047040F25AEB71A00AA56CC /* XCRemoteSwiftPackageReference "Swinject" */ = {
			isa = XCRemoteSwiftPackageReference;
			repositoryURL = "https://github.com/Swinject/Swinject.git";
			requirement = {
				kind = upToNextMajorVersion;
				minimumVersion = 2.7.1;
			};
		};
		D047041825AEB7F000AA56CC /* XCRemoteSwiftPackageReference "SwinjectAutoregistration" */ = {
			isa = XCRemoteSwiftPackageReference;
			repositoryURL = "https://github.com/Swinject/SwinjectAutoregistration.git";
			requirement = {
				kind = upToNextMajorVersion;
				minimumVersion = 2.7.0;
			};
		};
		D0AA469C2597451100B187CF /* XCRemoteSwiftPackageReference "firebase-ios-sdk" */ = {
			isa = XCRemoteSwiftPackageReference;
			repositoryURL = "https://github.com/firebase/firebase-ios-sdk.git";
			requirement = {
				kind = upToNextMajorVersion;
				minimumVersion = 7.3.1;
			};
		};
/* End XCRemoteSwiftPackageReference section */

/* Begin XCSwiftPackageProductDependency section */
		D047041025AEB71A00AA56CC /* Swinject */ = {
			isa = XCSwiftPackageProductDependency;
			package = D047040F25AEB71A00AA56CC /* XCRemoteSwiftPackageReference "Swinject" */;
			productName = Swinject;
		};
		D047041925AEB7F000AA56CC /* SwinjectAutoregistration */ = {
			isa = XCSwiftPackageProductDependency;
			package = D047041825AEB7F000AA56CC /* XCRemoteSwiftPackageReference "SwinjectAutoregistration" */;
			productName = SwinjectAutoregistration;
		};
		D0AA469D2597451100B187CF /* FirebaseAuth */ = {
			isa = XCSwiftPackageProductDependency;
			package = D0AA469C2597451100B187CF /* XCRemoteSwiftPackageReference "firebase-ios-sdk" */;
			productName = FirebaseAuth;
		};
/* End XCSwiftPackageProductDependency section */
	};
	rootObject = D0AA468125973AB100B187CF /* Project object */;
}
